// !$*UTF8*$!
{
	archiveVersion = 1;
	classes = {
	};
	objectVersion = 50;
	objects = {

/* Begin PBXBuildFile section */
		38ABA28F213D9514009164FB /* AppDelegate.swift in Sources */ = {isa = PBXBuildFile; fileRef = 38ABA28E213D9514009164FB /* AppDelegate.swift */; };
		38ABA291213D9514009164FB /* CardViewController.swift in Sources */ = {isa = PBXBuildFile; fileRef = 38ABA290213D9514009164FB /* CardViewController.swift */; };
		38ABA294213D9514009164FB /* Main.storyboard in Resources */ = {isa = PBXBuildFile; fileRef = 38ABA292213D9514009164FB /* Main.storyboard */; };
		38ABA296213D9516009164FB /* Assets.xcassets in Resources */ = {isa = PBXBuildFile; fileRef = 38ABA295213D9516009164FB /* Assets.xcassets */; };
		38ABA299213D9516009164FB /* LaunchScreen.storyboard in Resources */ = {isa = PBXBuildFile; fileRef = 38ABA297213D9516009164FB /* LaunchScreen.storyboard */; };
		38ABA2A6213D9AF7009164FB /* Deck.swift in Sources */ = {isa = PBXBuildFile; fileRef = 38ABA2A5213D9AF7009164FB /* Deck.swift */; };
		38ABA2A8213DA4E2009164FB /* CardController.swift in Sources */ = {isa = PBXBuildFile; fileRef = 38ABA2A7213DA4E2009164FB /* CardController.swift */; };
		38ABA2AB213DCE5F009164FB /* Theme.swift in Sources */ = {isa = PBXBuildFile; fileRef = 38ABA2AA213DCE5F009164FB /* Theme.swift */; };
/* End PBXBuildFile section */

/* Begin PBXFileReference section */
		38ABA28B213D9514009164FB /* DeckOfCards.app */ = {isa = PBXFileReference; explicitFileType = wrapper.application; includeInIndex = 0; path = DeckOfCards.app; sourceTree = BUILT_PRODUCTS_DIR; };
		38ABA28E213D9514009164FB /* AppDelegate.swift */ = {isa = PBXFileReference; lastKnownFileType = sourcecode.swift; path = AppDelegate.swift; sourceTree = "<group>"; };
		38ABA290213D9514009164FB /* CardViewController.swift */ = {isa = PBXFileReference; lastKnownFileType = sourcecode.swift; path = CardViewController.swift; sourceTree = "<group>"; };
		38ABA293213D9514009164FB /* Base */ = {isa = PBXFileReference; lastKnownFileType = file.storyboard; name = Base; path = Base.lproj/Main.storyboard; sourceTree = "<group>"; };
		38ABA295213D9516009164FB /* Assets.xcassets */ = {isa = PBXFileReference; lastKnownFileType = folder.assetcatalog; path = Assets.xcassets; sourceTree = "<group>"; };
		38ABA298213D9516009164FB /* Base */ = {isa = PBXFileReference; lastKnownFileType = file.storyboard; name = Base; path = Base.lproj/LaunchScreen.storyboard; sourceTree = "<group>"; };
		38ABA29A213D9516009164FB /* Info.plist */ = {isa = PBXFileReference; lastKnownFileType = text.plist.xml; path = Info.plist; sourceTree = "<group>"; };
		38ABA2A5213D9AF7009164FB /* Deck.swift */ = {isa = PBXFileReference; lastKnownFileType = sourcecode.swift; path = Deck.swift; sourceTree = "<group>"; };
		38ABA2A7213DA4E2009164FB /* CardController.swift */ = {isa = PBXFileReference; lastKnownFileType = sourcecode.swift; path = CardController.swift; sourceTree = "<group>"; };
		38ABA2AA213DCE5F009164FB /* Theme.swift */ = {isa = PBXFileReference; lastKnownFileType = sourcecode.swift; path = Theme.swift; sourceTree = "<group>"; };
/* End PBXFileReference section */

/* Begin PBXFrameworksBuildPhase section */
		38ABA288213D9514009164FB /* Frameworks */ = {
			isa = PBXFrameworksBuildPhase;
			buildActionMask = 2147483647;
			files = (
			);
			runOnlyForDeploymentPostprocessing = 0;
		};
/* End PBXFrameworksBuildPhase section */

/* Begin PBXGroup section */
		38ABA282213D9514009164FB = {
			isa = PBXGroup;
			children = (
				38ABA28D213D9514009164FB /* DeckOfCards */,
				38ABA28C213D9514009164FB /* Products */,
			);
			sourceTree = "<group>";
		};
		38ABA28C213D9514009164FB /* Products */ = {
			isa = PBXGroup;
			children = (
				38ABA28B213D9514009164FB /* DeckOfCards.app */,
			);
			name = Products;
			sourceTree = "<group>";
		};
		38ABA28D213D9514009164FB /* DeckOfCards */ = {
			isa = PBXGroup;
			children = (
				38ABA28E213D9514009164FB /* AppDelegate.swift */,
				38ABA2A0213D9A39009164FB /* ViewController */,
				38ABA2A3213D9A4E009164FB /* ModelController */,
				38ABA2A1213D9A40009164FB /* Model */,
				38ABA2A2213D9A47009164FB /* UI */,
				38ABA2A9213DCE4D009164FB /* Theme */,
				38ABA2A4213D9A7C009164FB /* Resources */,
			);
			path = DeckOfCards;
			sourceTree = "<group>";
		};
		38ABA2A0213D9A39009164FB /* ViewController */ = {
			isa = PBXGroup;
			children = (
				38ABA290213D9514009164FB /* CardViewController.swift */,
			);
			path = ViewController;
			sourceTree = "<group>";
		};
		38ABA2A1213D9A40009164FB /* Model */ = {
			isa = PBXGroup;
			children = (
				38ABA2A5213D9AF7009164FB /* Deck.swift */,
			);
			path = Model;
			sourceTree = "<group>";
		};
		38ABA2A2213D9A47009164FB /* UI */ = {
			isa = PBXGroup;
			children = (
				38ABA292213D9514009164FB /* Main.storyboard */,
				38ABA297213D9516009164FB /* LaunchScreen.storyboard */,
			);
			path = UI;
			sourceTree = "<group>";
		};
		38ABA2A3213D9A4E009164FB /* ModelController */ = {
			isa = PBXGroup;
			children = (
				38ABA2A7213DA4E2009164FB /* CardController.swift */,
			);
			path = ModelController;
			sourceTree = "<group>";
		};
		38ABA2A4213D9A7C009164FB /* Resources */ = {
			isa = PBXGroup;
			children = (
				38ABA295213D9516009164FB /* Assets.xcassets */,
				38ABA29A213D9516009164FB /* Info.plist */,
			);
			path = Resources;
			sourceTree = "<group>";
		};
		38ABA2A9213DCE4D009164FB /* Theme */ = {
			isa = PBXGroup;
			children = (
				38ABA2AA213DCE5F009164FB /* Theme.swift */,
			);
			path = Theme;
			sourceTree = "<group>";
		};
/* End PBXGroup section */

/* Begin PBXNativeTarget section */
		38ABA28A213D9514009164FB /* DeckOfCards */ = {
			isa = PBXNativeTarget;
			buildConfigurationList = 38ABA29D213D9516009164FB /* Build configuration list for PBXNativeTarget "DeckOfCards" */;
			buildPhases = (
				38ABA287213D9514009164FB /* Sources */,
				38ABA288213D9514009164FB /* Frameworks */,
				38ABA289213D9514009164FB /* Resources */,
			);
			buildRules = (
			);
			dependencies = (
			);
			name = DeckOfCards;
			productName = DeckOfCards;
			productReference = 38ABA28B213D9514009164FB /* DeckOfCards.app */;
			productType = "com.apple.product-type.application";
		};
/* End PBXNativeTarget section */

/* Begin PBXProject section */
		38ABA283213D9514009164FB /* Project object */ = {
			isa = PBXProject;
			attributes = {
				LastSwiftUpdateCheck = 0940;
				LastUpgradeCheck = 0940;
				ORGANIZATIONNAME = "Eric Andersen";
				TargetAttributes = {
					38ABA28A213D9514009164FB = {
						CreatedOnToolsVersion = 9.4.1;
					};
				};
			};
			buildConfigurationList = 38ABA286213D9514009164FB /* Build configuration list for PBXProject "DeckOfCards" */;
			compatibilityVersion = "Xcode 9.3";
			developmentRegion = en;
			hasScannedForEncodings = 0;
			knownRegions = (
				en,
				Base,
			);
			mainGroup = 38ABA282213D9514009164FB;
			productRefGroup = 38ABA28C213D9514009164FB /* Products */;
			projectDirPath = "";
			projectRoot = "";
			targets = (
				38ABA28A213D9514009164FB /* DeckOfCards */,
			);
		};
/* End PBXProject section */

/* Begin PBXResourcesBuildPhase section */
		38ABA289213D9514009164FB /* Resources */ = {
			isa = PBXResourcesBuildPhase;
			buildActionMask = 2147483647;
			files = (
				38ABA299213D9516009164FB /* LaunchScreen.storyboard in Resources */,
				38ABA296213D9516009164FB /* Assets.xcassets in Resources */,
				38ABA294213D9514009164FB /* Main.storyboard in Resources */,
			);
			runOnlyForDeploymentPostprocessing = 0;
		};
/* End PBXResourcesBuildPhase section */

/* Begin PBXSourcesBuildPhase section */
		38ABA287213D9514009164FB /* Sources */ = {
			isa = PBXSourcesBuildPhase;
			buildActionMask = 2147483647;
			files = (
				38ABA2A6213D9AF7009164FB /* Deck.swift in Sources */,
				38ABA2A8213DA4E2009164FB /* CardController.swift in Sources */,
				38ABA2AB213DCE5F009164FB /* Theme.swift in Sources */,
				38ABA291213D9514009164FB /* CardViewController.swift in Sources */,
				38ABA28F213D9514009164FB /* AppDelegate.swift in Sources */,
			);
			runOnlyForDeploymentPostprocessing = 0;
		};
/* End PBXSourcesBuildPhase section */

/* Begin PBXVariantGroup section */
		38ABA292213D9514009164FB /* Main.storyboard */ = {
			isa = PBXVariantGroup;
			children = (
				38ABA293213D9514009164FB /* Base */,
			);
			name = Main.storyboard;
			sourceTree = "<group>";
		};
		38ABA297213D9516009164FB /* LaunchScreen.storyboard */ = {
			isa = PBXVariantGroup;
			children = (
				38ABA298213D9516009164FB /* Base */,
			);
			name = LaunchScreen.storyboard;
			sourceTree = "<group>";
		};
/* End PBXVariantGroup section */

/* Begin XCBuildConfiguration section */
		38ABA29B213D9516009164FB /* Debug */ = {
			isa = XCBuildConfiguration;
			buildSettings = {
				ALWAYS_SEARCH_USER_PATHS = NO;
				CLANG_ANALYZER_NONNULL = YES;
				CLANG_ANALYZER_NUMBER_OBJECT_CONVERSION = YES_AGGRESSIVE;
				CLANG_CXX_LANGUAGE_STANDARD = "gnu++14";
				CLANG_CXX_LIBRARY = "libc++";
				CLANG_ENABLE_MODULES = YES;
				CLANG_ENABLE_OBJC_ARC = YES;
				CLANG_ENABLE_OBJC_WEAK = YES;
				CLANG_WARN_BLOCK_CAPTURE_AUTORELEASING = YES;
				CLANG_WARN_BOOL_CONVERSION = YES;
				CLANG_WARN_COMMA = YES;
				CLANG_WARN_CONSTANT_CONVERSION = YES;
				CLANG_WARN_DEPRECATED_OBJC_IMPLEMENTATIONS = YES;
				CLANG_WARN_DIRECT_OBJC_ISA_USAGE = YES_ERROR;
				CLANG_WARN_DOCUMENTATION_COMMENTS = YES;
				CLANG_WARN_EMPTY_BODY = YES;
				CLANG_WARN_ENUM_CONVERSION = YES;
				CLANG_WARN_INFINITE_RECURSION = YES;
				CLANG_WARN_INT_CONVERSION = YES;
				CLANG_WARN_NON_LITERAL_NULL_CONVERSION = YES;
				CLANG_WARN_OBJC_IMPLICIT_RETAIN_SELF = YES;
				CLANG_WARN_OBJC_LITERAL_CONVERSION = YES;
				CLANG_WARN_OBJC_ROOT_CLASS = YES_ERROR;
				CLANG_WARN_RANGE_LOOP_ANALYSIS = YES;
				CLANG_WARN_STRICT_PROTOTYPES = YES;
				CLANG_WARN_SUSPICIOUS_MOVE = YES;
				CLANG_WARN_UNGUARDED_AVAILABILITY = YES_AGGRESSIVE;
				CLANG_WARN_UNREACHABLE_CODE = YES;
				CLANG_WARN__DUPLICATE_METHOD_MATCH = YES;
				CODE_SIGN_IDENTITY = "iPhone Developer";
				COPY_PHASE_STRIP = NO;
				DEBUG_INFORMATION_FORMAT = dwarf;
				ENABLE_STRICT_OBJC_MSGSEND = YES;
				ENABLE_TESTABILITY = YES;
				GCC_C_LANGUAGE_STANDARD = gnu11;
				GCC_DYNAMIC_NO_PIC = NO;
				GCC_NO_COMMON_BLOCKS = YES;
				GCC_OPTIMIZATION_LEVEL = 0;
				GCC_PREPROCESSOR_DEFINITIONS = (
					"DEBUG=1",
					"$(inherited)",
				);
				GCC_WARN_64_TO_32_BIT_CONVERSION = YES;
				GCC_WARN_ABOUT_RETURN_TYPE = YES_ERROR;
				GCC_WARN_UNDECLARED_SELECTOR = YES;
				GCC_WARN_UNINITIALIZED_AUTOS = YES_AGGRESSIVE;
				GCC_WARN_UNUSED_FUNCTION = YES;
				GCC_WARN_UNUSED_VARIABLE = YES;
				IPHONEOS_DEPLOYMENT_TARGET = 11.4;
				MTL_ENABLE_DEBUG_INFO = YES;
				ONLY_ACTIVE_ARCH = YES;
				SDKROOT = iphoneos;
				SWIFT_ACTIVE_COMPILATION_CONDITIONS = DEBUG;
				SWIFT_OPTIMIZATION_LEVEL = "-Onone";
			};
			name = Debug;
		};
		38ABA29C213D9516009164FB /* Release */ = {
			isa = XCBuildConfiguration;
			buildSettings = {
				ALWAYS_SEARCH_USER_PATHS = NO;
				CLANG_ANALYZER_NONNULL = YES;
				CLANG_ANALYZER_NUMBER_OBJECT_CONVERSION = YES_AGGRESSIVE;
				CLANG_CXX_LANGUAGE_STANDARD = "gnu++14";
				CLANG_CXX_LIBRARY = "libc++";
				CLANG_ENABLE_MODULES = YES;
				CLANG_ENABLE_OBJC_ARC = YES;
				CLANG_ENABLE_OBJC_WEAK = YES;
				CLANG_WARN_BLOCK_CAPTURE_AUTORELEASING = YES;
				CLANG_WARN_BOOL_CONVERSION = YES;
				CLANG_WARN_COMMA = YES;
				CLANG_WARN_CONSTANT_CONVERSION = YES;
				CLANG_WARN_DEPRECATED_OBJC_IMPLEMENTATIONS = YES;
				CLANG_WARN_DIRECT_OBJC_ISA_USAGE = YES_ERROR;
				CLANG_WARN_DOCUMENTATION_COMMENTS = YES;
				CLANG_WARN_EMPTY_BODY = YES;
				CLANG_WARN_ENUM_CONVERSION = YES;
				CLANG_WARN_INFINITE_RECURSION = YES;
				CLANG_WARN_INT_CONVERSION = YES;
				CLANG_WARN_NON_LITERAL_NULL_CONVERSION = YES;
				CLANG_WARN_OBJC_IMPLICIT_RETAIN_SELF = YES;
				CLANG_WARN_OBJC_LITERAL_CONVERSION = YES;
				CLANG_WARN_OBJC_ROOT_CLASS = YES_ERROR;
				CLANG_WARN_RANGE_LOOP_ANALYSIS = YES;
				CLANG_WARN_STRICT_PROTOTYPES = YES;
				CLANG_WARN_SUSPICIOUS_MOVE = YES;
				CLANG_WARN_UNGUARDED_AVAILABILITY = YES_AGGRESSIVE;
				CLANG_WARN_UNREACHABLE_CODE = YES;
				CLANG_WARN__DUPLICATE_METHOD_MATCH = YES;
				CODE_SIGN_IDENTITY = "iPhone Developer";
				COPY_PHASE_STRIP = NO;
				DEBUG_INFORMATION_FORMAT = "dwarf-with-dsym";
				ENABLE_NS_ASSERTIONS = NO;
				ENABLE_STRICT_OBJC_MSGSEND = YES;
				GCC_C_LANGUAGE_STANDARD = gnu11;
				GCC_NO_COMMON_BLOCKS = YES;
				GCC_WARN_64_TO_32_BIT_CONVERSION = YES;
				GCC_WARN_ABOUT_RETURN_TYPE = YES_ERROR;
				GCC_WARN_UNDECLARED_SELECTOR = YES;
				GCC_WARN_UNINITIALIZED_AUTOS = YES_AGGRESSIVE;
				GCC_WARN_UNUSED_FUNCTION = YES;
				GCC_WARN_UNUSED_VARIABLE = YES;
				IPHONEOS_DEPLOYMENT_TARGET = 11.4;
				MTL_ENABLE_DEBUG_INFO = NO;
				SDKROOT = iphoneos;
				SWIFT_COMPILATION_MODE = wholemodule;
				SWIFT_OPTIMIZATION_LEVEL = "-O";
				VALIDATE_PRODUCT = YES;
			};
			name = Release;
		};
		38ABA29E213D9516009164FB /* Debug */ = {
			isa = XCBuildConfiguration;
			buildSettings = {
				ASSETCATALOG_COMPILER_APPICON_NAME = AppIcon;
				CODE_SIGN_STYLE = Automatic;
				DEVELOPMENT_TEAM = S2V96BB45E;
				INFOPLIST_FILE = "$(SRCROOT)/DeckOfCards/Resources/Info.plist";
				LD_RUNPATH_SEARCH_PATHS = (
					"$(inherited)",
					"@executable_path/Frameworks",
				);
				PRODUCT_BUNDLE_IDENTIFIER = com.EricAndersen.DeckOfCards;
				PRODUCT_NAME = "$(TARGET_NAME)";
				SWIFT_VERSION = 4.0;
				TARGETED_DEVICE_FAMILY = "1,2";
			};
			name = Debug;
		};
		38ABA29F213D9516009164FB /* Release */ = {
			isa = XCBuildConfiguration;
			buildSettings = {
				ASSETCATALOG_COMPILER_APPICON_NAME = AppIcon;
				CODE_SIGN_STYLE = Automatic;
				DEVELOPMENT_TEAM = S2V96BB45E;
				INFOPLIST_FILE = "$(SRCROOT)/DeckOfCards/Resources/Info.plist";
				LD_RUNPATH_SEARCH_PATHS = (
					"$(inherited)",
					"@executable_path/Frameworks",
				);
				PRODUCT_BUNDLE_IDENTIFIER = com.EricAndersen.DeckOfCards;
				PRODUCT_NAME = "$(TARGET_NAME)";
				SWIFT_VERSION = 4.0;
				TARGETED_DEVICE_FAMILY = "1,2";
			};
			name = Release;
		};
/* End XCBuildConfiguration section */

/* Begin XCConfigurationList section */
		38ABA286213D9514009164FB /* Build configuration list for PBXProject "DeckOfCards" */ = {
			isa = XCConfigurationList;
			buildConfigurations = (
				38ABA29B213D9516009164FB /* Debug */,
				38ABA29C213D9516009164FB /* Release */,
			);
			defaultConfigurationIsVisible = 0;
			defaultConfigurationName = Release;
		};
		38ABA29D213D9516009164FB /* Build configuration list for PBXNativeTarget "DeckOfCards" */ = {
			isa = XCConfigurationList;
			buildConfigurations = (
				38ABA29E213D9516009164FB /* Debug */,
				38ABA29F213D9516009164FB /* Release */,
			);
			defaultConfigurationIsVisible = 0;
			defaultConfigurationName = Release;
		};
/* End XCConfigurationList section */
	};
	rootObject = 38ABA283213D9514009164FB /* Project object */;
}
